// !$*UTF8*$!
{
	archiveVersion = 1;
	classes = {
	};
	objectVersion = 46;
	objects = {

/* Begin PBXBuildFile section */
		4C2772C2506A7BF2D46BF14A /* Pods_Lab2.framework in Frameworks */ = {isa = PBXBuildFile; fileRef = D69FDB6E2E910E2DC963B787 /* Pods_Lab2.framework */; };
		EBB080771D21517000FD27A2 /* AppDelegate.swift in Sources */ = {isa = PBXBuildFile; fileRef = EBB080761D21517000FD27A2 /* AppDelegate.swift */; };
		EBB080791D21517000FD27A2 /* ViewController.swift in Sources */ = {isa = PBXBuildFile; fileRef = EBB080781D21517000FD27A2 /* ViewController.swift */; };
		EBB0807C1D21517000FD27A2 /* Main.storyboard in Resources */ = {isa = PBXBuildFile; fileRef = EBB0807A1D21517000FD27A2 /* Main.storyboard */; };
		EBB0807E1D21517000FD27A2 /* Assets.xcassets in Resources */ = {isa = PBXBuildFile; fileRef = EBB0807D1D21517000FD27A2 /* Assets.xcassets */; };
		EBB080811D21517000FD27A2 /* LaunchScreen.storyboard in Resources */ = {isa = PBXBuildFile; fileRef = EBB0807F1D21517000FD27A2 /* LaunchScreen.storyboard */; };
		FFE1AD851D2156790036C019 /* CoderDateTableViewCell.swift in Sources */ = {isa = PBXBuildFile; fileRef = FFE1AD841D2156790036C019 /* CoderDateTableViewCell.swift */; };
		EBD5861D1D215F3B0023D221 /* Model.swift in Sources */ = {isa = PBXBuildFile; fileRef = EBD5861C1D215F3B0023D221 /* Model.swift */; };
/* End PBXBuildFile section */

/* Begin PBXFileReference section */
		17FA058840965D261D2DEE40 /* Pods-Lab2.debug.xcconfig */ = {isa = PBXFileReference; includeInIndex = 1; lastKnownFileType = text.xcconfig; name = "Pods-Lab2.debug.xcconfig"; path = "Pods/Target Support Files/Pods-Lab2/Pods-Lab2.debug.xcconfig"; sourceTree = "<group>"; };
		D69FDB6E2E910E2DC963B787 /* Pods_Lab2.framework */ = {isa = PBXFileReference; explicitFileType = wrapper.framework; includeInIndex = 0; path = Pods_Lab2.framework; sourceTree = BUILT_PRODUCTS_DIR; };
		DC6BD9F10253FCAF83FF2961 /* Pods-Lab2.release.xcconfig */ = {isa = PBXFileReference; includeInIndex = 1; lastKnownFileType = text.xcconfig; name = "Pods-Lab2.release.xcconfig"; path = "Pods/Target Support Files/Pods-Lab2/Pods-Lab2.release.xcconfig"; sourceTree = "<group>"; };
		EBB080731D21517000FD27A2 /* Lab2.app */ = {isa = PBXFileReference; explicitFileType = wrapper.application; includeInIndex = 0; path = Lab2.app; sourceTree = BUILT_PRODUCTS_DIR; };
		EBB080761D21517000FD27A2 /* AppDelegate.swift */ = {isa = PBXFileReference; lastKnownFileType = sourcecode.swift; path = AppDelegate.swift; sourceTree = "<group>"; };
		EBB080781D21517000FD27A2 /* ViewController.swift */ = {isa = PBXFileReference; lastKnownFileType = sourcecode.swift; path = ViewController.swift; sourceTree = "<group>"; };
		EBB0807B1D21517000FD27A2 /* Base */ = {isa = PBXFileReference; lastKnownFileType = file.storyboard; name = Base; path = Base.lproj/Main.storyboard; sourceTree = "<group>"; };
		EBB0807D1D21517000FD27A2 /* Assets.xcassets */ = {isa = PBXFileReference; lastKnownFileType = folder.assetcatalog; path = Assets.xcassets; sourceTree = "<group>"; };
		EBB080801D21517000FD27A2 /* Base */ = {isa = PBXFileReference; lastKnownFileType = file.storyboard; name = Base; path = Base.lproj/LaunchScreen.storyboard; sourceTree = "<group>"; };
		EBB080821D21517000FD27A2 /* Info.plist */ = {isa = PBXFileReference; lastKnownFileType = text.plist.xml; path = Info.plist; sourceTree = "<group>"; };
		FFE1AD841D2156790036C019 /* CoderDateTableViewCell.swift */ = {isa = PBXFileReference; fileEncoding = 4; lastKnownFileType = sourcecode.swift; path = CoderDateTableViewCell.swift; sourceTree = "<group>"; };
		EBD5861C1D215F3B0023D221 /* Model.swift */ = {isa = PBXFileReference; fileEncoding = 4; lastKnownFileType = sourcecode.swift; path = Model.swift; sourceTree = "<group>"; };
/* End PBXFileReference section */

/* Begin PBXFrameworksBuildPhase section */
		EBB080701D21517000FD27A2 /* Frameworks */ = {
			isa = PBXFrameworksBuildPhase;
			buildActionMask = 2147483647;
			files = (
				4C2772C2506A7BF2D46BF14A /* Pods_Lab2.framework in Frameworks */,
			);
			runOnlyForDeploymentPostprocessing = 0;
		};
/* End PBXFrameworksBuildPhase section */

/* Begin PBXGroup section */
		B6F58336C6690AA205D7EF43 /* Pods */ = {
			isa = PBXGroup;
			children = (
				17FA058840965D261D2DEE40 /* Pods-Lab2.debug.xcconfig */,
				DC6BD9F10253FCAF83FF2961 /* Pods-Lab2.release.xcconfig */,
			);
			name = Pods;
			sourceTree = "<group>";
		};
		E7D54F0D330E2B3A87F8AEB4 /* Frameworks */ = {
			isa = PBXGroup;
			children = (
				D69FDB6E2E910E2DC963B787 /* Pods_Lab2.framework */,
			);
			name = Frameworks;
			sourceTree = "<group>";
		};
		EBB0806A1D21517000FD27A2 = {
			isa = PBXGroup;
			children = (
				EBB080751D21517000FD27A2 /* Lab2 */,
				EBB080741D21517000FD27A2 /* Products */,
				B6F58336C6690AA205D7EF43 /* Pods */,
				E7D54F0D330E2B3A87F8AEB4 /* Frameworks */,
			);
			sourceTree = "<group>";
		};
		EBB080741D21517000FD27A2 /* Products */ = {
			isa = PBXGroup;
			children = (
				EBB080731D21517000FD27A2 /* Lab2.app */,
			);
			name = Products;
			sourceTree = "<group>";
		};
		EBB080751D21517000FD27A2 /* Lab2 */ = {
			isa = PBXGroup;
			children = (
				EBB080761D21517000FD27A2 /* AppDelegate.swift */,
				EBB080781D21517000FD27A2 /* ViewController.swift */,
				EBB0807A1D21517000FD27A2 /* Main.storyboard */,
				EBB0807D1D21517000FD27A2 /* Assets.xcassets */,
				EBB0807F1D21517000FD27A2 /* LaunchScreen.storyboard */,
				EBB080821D21517000FD27A2 /* Info.plist */,
				FFE1AD841D2156790036C019 /* CoderDateTableViewCell.swift */,
				EBD5861C1D215F3B0023D221 /* Model.swift */,
			);
			path = Lab2;
			sourceTree = "<group>";
		};
/* End PBXGroup section */

/* Begin PBXNativeTarget section */
		EBB080721D21517000FD27A2 /* Lab2 */ = {
			isa = PBXNativeTarget;
			buildConfigurationList = EBB080851D21517000FD27A2 /* Build configuration list for PBXNativeTarget "Lab2" */;
			buildPhases = (
				EAACC5CFAA3ABC32757F9C37 /* Check Pods Manifest.lock */,
				EBB0806F1D21517000FD27A2 /* Sources */,
				EBB080701D21517000FD27A2 /* Frameworks */,
				EBB080711D21517000FD27A2 /* Resources */,
				83C8FDD3F1C48D84D5221E04 /* Embed Pods Frameworks */,
				DEBDF0FE312605607C80638A /* Copy Pods Resources */,
			);
			buildRules = (
			);
			dependencies = (
			);
			name = Lab2;
			productName = Lab2;
			productReference = EBB080731D21517000FD27A2 /* Lab2.app */;
			productType = "com.apple.product-type.application";
		};
/* End PBXNativeTarget section */

/* Begin PBXProject section */
		EBB0806B1D21517000FD27A2 /* Project object */ = {
			isa = PBXProject;
			attributes = {
				LastSwiftUpdateCheck = 0730;
				LastUpgradeCheck = 0730;
				ORGANIZATIONNAME = TriNgo;
				TargetAttributes = {
					EBB080721D21517000FD27A2 = {
						CreatedOnToolsVersion = 7.3.1;
						DevelopmentTeam = QWZQFWGZMG;
					};
				};
			};
			buildConfigurationList = EBB0806E1D21517000FD27A2 /* Build configuration list for PBXProject "Lab2" */;
			compatibilityVersion = "Xcode 3.2";
			developmentRegion = English;
			hasScannedForEncodings = 0;
			knownRegions = (
				en,
				Base,
			);
			mainGroup = EBB0806A1D21517000FD27A2;
			productRefGroup = EBB080741D21517000FD27A2 /* Products */;
			projectDirPath = "";
			projectRoot = "";
			targets = (
				EBB080721D21517000FD27A2 /* Lab2 */,
			);
		};
/* End PBXProject section */

/* Begin PBXResourcesBuildPhase section */
		EBB080711D21517000FD27A2 /* Resources */ = {
			isa = PBXResourcesBuildPhase;
			buildActionMask = 2147483647;
			files = (
				EBB080811D21517000FD27A2 /* LaunchScreen.storyboard in Resources */,
				EBB0807E1D21517000FD27A2 /* Assets.xcassets in Resources */,
				EBB0807C1D21517000FD27A2 /* Main.storyboard in Resources */,
			);
			runOnlyForDeploymentPostprocessing = 0;
		};
/* End PBXResourcesBuildPhase section */

/* Begin PBXShellScriptBuildPhase section */
		83C8FDD3F1C48D84D5221E04 /* Embed Pods Frameworks */ = {
			isa = PBXShellScriptBuildPhase;
			buildActionMask = 2147483647;
			files = (
			);
			inputPaths = (
			);
			name = "Embed Pods Frameworks";
			outputPaths = (
			);
			runOnlyForDeploymentPostprocessing = 0;
			shellPath = /bin/sh;
			shellScript = "\"${SRCROOT}/Pods/Target Support Files/Pods-Lab2/Pods-Lab2-frameworks.sh\"\n";
			showEnvVarsInLog = 0;
		};
		DEBDF0FE312605607C80638A /* Copy Pods Resources */ = {
			isa = PBXShellScriptBuildPhase;
			buildActionMask = 2147483647;
			files = (
			);
			inputPaths = (
			);
			name = "Copy Pods Resources";
			outputPaths = (
			);
			runOnlyForDeploymentPostprocessing = 0;
			shellPath = /bin/sh;
			shellScript = "\"${SRCROOT}/Pods/Target Support Files/Pods-Lab2/Pods-Lab2-resources.sh\"\n";
			showEnvVarsInLog = 0;
		};
		EAACC5CFAA3ABC32757F9C37 /* Check Pods Manifest.lock */ = {
			isa = PBXShellScriptBuildPhase;
			buildActionMask = 2147483647;
			files = (
			);
			inputPaths = (
			);
			name = "Check Pods Manifest.lock";
			outputPaths = (
			);
			runOnlyForDeploymentPostprocessing = 0;
			shellPath = /bin/sh;
			shellScript = "diff \"${PODS_ROOT}/../Podfile.lock\" \"${PODS_ROOT}/Manifest.lock\" > /dev/null\nif [[ $? != 0 ]] ; then\n    cat << EOM\nerror: The sandbox is not in sync with the Podfile.lock. Run 'pod install' or update your CocoaPods installation.\nEOM\n    exit 1\nfi\n";
			showEnvVarsInLog = 0;
		};
/* End PBXShellScriptBuildPhase section */

/* Begin PBXSourcesBuildPhase section */
		EBB0806F1D21517000FD27A2 /* Sources */ = {
			isa = PBXSourcesBuildPhase;
			buildActionMask = 2147483647;
			files = (
				EBB080791D21517000FD27A2 /* ViewController.swift in Sources */,
				EBB080771D21517000FD27A2 /* AppDelegate.swift in Sources */,
				EBD5861D1D215F3B0023D221 /* Model.swift in Sources */,
				FFE1AD851D2156790036C019 /* CoderDateTableViewCell.swift in Sources */,
			);
			runOnlyForDeploymentPostprocessing = 0;
		};
/* End PBXSourcesBuildPhase section */

/* Begin PBXVariantGroup section */
		EBB0807A1D21517000FD27A2 /* Main.storyboard */ = {
			isa = PBXVariantGroup;
			children = (
				EBB0807B1D21517000FD27A2 /* Base */,
			);
			name = Main.storyboard;
			sourceTree = "<group>";
		};
		EBB0807F1D21517000FD27A2 /* LaunchScreen.storyboard */ = {
			isa = PBXVariantGroup;
			children = (
				EBB080801D21517000FD27A2 /* Base */,
			);
			name = LaunchScreen.storyboard;
			sourceTree = "<group>";
		};
/* End PBXVariantGroup section */

/* Begin XCBuildConfiguration section */
		EBB080831D21517000FD27A2 /* Debug */ = {
			isa = XCBuildConfiguration;
			buildSettings = {
				ALWAYS_SEARCH_USER_PATHS = NO;
				CLANG_ANALYZER_NONNULL = YES;
				CLANG_CXX_LANGUAGE_STANDARD = "gnu++0x";
				CLANG_CXX_LIBRARY = "libc++";
				CLANG_ENABLE_MODULES = YES;
				CLANG_ENABLE_OBJC_ARC = YES;
				CLANG_WARN_BOOL_CONVERSION = YES;
				CLANG_WARN_CONSTANT_CONVERSION = YES;
				CLANG_WARN_DIRECT_OBJC_ISA_USAGE = YES_ERROR;
				CLANG_WARN_EMPTY_BODY = YES;
				CLANG_WARN_ENUM_CONVERSION = YES;
				CLANG_WARN_INT_CONVERSION = YES;
				CLANG_WARN_OBJC_ROOT_CLASS = YES_ERROR;
				CLANG_WARN_UNREACHABLE_CODE = YES;
				CLANG_WARN__DUPLICATE_METHOD_MATCH = YES;
				"CODE_SIGN_IDENTITY[sdk=iphoneos*]" = "iPhone Developer";
				COPY_PHASE_STRIP = NO;
				DEBUG_INFORMATION_FORMAT = dwarf;
				ENABLE_STRICT_OBJC_MSGSEND = YES;
				ENABLE_TESTABILITY = YES;
				GCC_C_LANGUAGE_STANDARD = gnu99;
				GCC_DYNAMIC_NO_PIC = NO;
				GCC_NO_COMMON_BLOCKS = YES;
				GCC_OPTIMIZATION_LEVEL = 0;
				GCC_PREPROCESSOR_DEFINITIONS = (
					"DEBUG=1",
					"$(inherited)",
				);
				GCC_WARN_64_TO_32_BIT_CONVERSION = YES;
				GCC_WARN_ABOUT_RETURN_TYPE = YES_ERROR;
				GCC_WARN_UNDECLARED_SELECTOR = YES;
				GCC_WARN_UNINITIALIZED_AUTOS = YES_AGGRESSIVE;
				GCC_WARN_UNUSED_FUNCTION = YES;
				GCC_WARN_UNUSED_VARIABLE = YES;
				IPHONEOS_DEPLOYMENT_TARGET = 9.3;
				MTL_ENABLE_DEBUG_INFO = YES;
				ONLY_ACTIVE_ARCH = YES;
				SDKROOT = iphoneos;
				SWIFT_OPTIMIZATION_LEVEL = "-Onone";
			};
			name = Debug;
		};
		EBB080841D21517000FD27A2 /* Release */ = {
			isa = XCBuildConfiguration;
			buildSettings = {
				ALWAYS_SEARCH_USER_PATHS = NO;
				CLANG_ANALYZER_NONNULL = YES;
				CLANG_CXX_LANGUAGE_STANDARD = "gnu++0x";
				CLANG_CXX_LIBRARY = "libc++";
				CLANG_ENABLE_MODULES = YES;
				CLANG_ENABLE_OBJC_ARC = YES;
				CLANG_WARN_BOOL_CONVERSION = YES;
				CLANG_WARN_CONSTANT_CONVERSION = YES;
				CLANG_WARN_DIRECT_OBJC_ISA_USAGE = YES_ERROR;
				CLANG_WARN_EMPTY_BODY = YES;
				CLANG_WARN_ENUM_CONVERSION = YES;
				CLANG_WARN_INT_CONVERSION = YES;
				CLANG_WARN_OBJC_ROOT_CLASS = YES_ERROR;
				CLANG_WARN_UNREACHABLE_CODE = YES;
				CLANG_WARN__DUPLICATE_METHOD_MATCH = YES;
				"CODE_SIGN_IDENTITY[sdk=iphoneos*]" = "iPhone Developer";
				COPY_PHASE_STRIP = NO;
				DEBUG_INFORMATION_FORMAT = "dwarf-with-dsym";
				ENABLE_NS_ASSERTIONS = NO;
				ENABLE_STRICT_OBJC_MSGSEND = YES;
				GCC_C_LANGUAGE_STANDARD = gnu99;
				GCC_NO_COMMON_BLOCKS = YES;
				GCC_WARN_64_TO_32_BIT_CONVERSION = YES;
				GCC_WARN_ABOUT_RETURN_TYPE = YES_ERROR;
				GCC_WARN_UNDECLARED_SELECTOR = YES;
				GCC_WARN_UNINITIALIZED_AUTOS = YES_AGGRESSIVE;
				GCC_WARN_UNUSED_FUNCTION = YES;
				GCC_WARN_UNUSED_VARIABLE = YES;
				IPHONEOS_DEPLOYMENT_TARGET = 9.3;
				MTL_ENABLE_DEBUG_INFO = NO;
				SDKROOT = iphoneos;
				VALIDATE_PRODUCT = YES;
			};
			name = Release;
		};
		EBB080861D21517000FD27A2 /* Debug */ = {
			isa = XCBuildConfiguration;
			baseConfigurationReference = 17FA058840965D261D2DEE40 /* Pods-Lab2.debug.xcconfig */;
			buildSettings = {
				ASSETCATALOG_COMPILER_APPICON_NAME = AppIcon;
				INFOPLIST_FILE = Lab2/Info.plist;
				LD_RUNPATH_SEARCH_PATHS = "$(inherited) @executable_path/Frameworks";
				PRODUCT_BUNDLE_IDENTIFIER = TriNgo.Lab2;
				PRODUCT_NAME = "$(TARGET_NAME)";
			};
			name = Debug;
		};
		EBB080871D21517000FD27A2 /* Release */ = {
			isa = XCBuildConfiguration;
			baseConfigurationReference = DC6BD9F10253FCAF83FF2961 /* Pods-Lab2.release.xcconfig */;
			buildSettings = {
				ASSETCATALOG_COMPILER_APPICON_NAME = AppIcon;
				INFOPLIST_FILE = Lab2/Info.plist;
				LD_RUNPATH_SEARCH_PATHS = "$(inherited) @executable_path/Frameworks";
				PRODUCT_BUNDLE_IDENTIFIER = TriNgo.Lab2;
				PRODUCT_NAME = "$(TARGET_NAME)";
			};
			name = Release;
		};
/* End XCBuildConfiguration section */

/* Begin XCConfigurationList section */
		EBB0806E1D21517000FD27A2 /* Build configuration list for PBXProject "Lab2" */ = {
			isa = XCConfigurationList;
			buildConfigurations = (
				EBB080831D21517000FD27A2 /* Debug */,
				EBB080841D21517000FD27A2 /* Release */,
			);
			defaultConfigurationIsVisible = 0;
			defaultConfigurationName = Release;
		};
		EBB080851D21517000FD27A2 /* Build configuration list for PBXNativeTarget "Lab2" */ = {
			isa = XCConfigurationList;
			buildConfigurations = (
				EBB080861D21517000FD27A2 /* Debug */,
				EBB080871D21517000FD27A2 /* Release */,
			);
			defaultConfigurationIsVisible = 0;
			defaultConfigurationName = Release;
		};
/* End XCConfigurationList section */
	};
	rootObject = EBB0806B1D21517000FD27A2 /* Project object */;
}
